
Microsoft Visual Studio Solution File, Format Version 12.00
# Visual Studio Version 17
VisualStudioVersion = 17.5.33516.290
MinimumVisualStudioVersion = 10.0.40219.1
Project("{FAE04EC0-301F-11D3-BF4B-00C04F79EFBC}") = "EF_firstEF", "EF_firstEF\EF_firstEF.csproj", "{2E917494-6801-4EFA-9EF3-CA14ED17DA5A}"
EndProject
Global
	GlobalSection(SolutionConfigurationPlatforms) = preSolution
		Debug|Any CPU = Debug|Any CPU
		Release|Any CPU = Release|Any CPU
	EndGlobalSection
	GlobalSection(ProjectConfigurationPlatforms) = postSolution
		{2E917494-6801-4EFA-9EF3-CA14ED17DA5A}.Debug|Any CPU.ActiveCfg = Debug|Any CPU
		{2E917494-6801-4EFA-9EF3-CA14ED17DA5A}.Debug|Any CPU.Build.0 = Debug|Any CPU
		{2E917494-6801-4EFA-9EF3-CA14ED17DA5A}.Release|Any CPU.ActiveCfg = Release|Any CPU
		{2E917494-6801-4EFA-9EF3-CA14ED17DA5A}.Release|Any CPU.Build.0 = Release|Any CPU
	EndGlobalSection
	GlobalSection(SolutionProperties) = preSolution
		HideSolutionNode = FALSE
	EndGlobalSection
	GlobalSection(ExtensibilityGlobals) = postSolution
		SolutionGuid = {DBFF3D11-C122-48D6-AFC7-E0211E2C9EF1}
	EndGlobalSection
EndGlobal
